
Microsoft Visual Studio Solution File, Format Version 12.00
# Visual Studio Version 16
VisualStudioVersion = 16.0.31112.23
MinimumVisualStudioVersion = 10.0.40219.1
Project("{FAE04EC0-301F-11D3-BF4B-00C04F79EFBC}") = "OOP", "OOP\OOP.csproj", "{91986ECA-6BCD-47A7-A0F4-DA605D2A706E}"
EndProject
Global
	GlobalSection(SolutionConfigurationPlatforms) = preSolution
		Debug|Any CPU = Debug|Any CPU
		Release|Any CPU = Release|Any CPU
	EndGlobalSection
	GlobalSection(ProjectConfigurationPlatforms) = postSolution
		{91986ECA-6BCD-47A7-A0F4-DA605D2A706E}.Debug|Any CPU.ActiveCfg = Debug|Any CPU
		{91986ECA-6BCD-47A7-A0F4-DA605D2A706E}.Debug|Any CPU.Build.0 = Debug|Any CPU
		{91986ECA-6BCD-47A7-A0F4-DA605D2A706E}.Release|Any CPU.ActiveCfg = Release|Any CPU
		{91986ECA-6BCD-47A7-A0F4-DA605D2A706E}.Release|Any CPU.Build.0 = Release|Any CPU
	EndGlobalSection
	GlobalSection(SolutionProperties) = preSolution
		HideSolutionNode = FALSE
	EndGlobalSection
	GlobalSection(ExtensibilityGlobals) = postSolution
		SolutionGuid = {0F2108EA-399D-4CEC-9CE7-FF02E4BE3DA8}
	EndGlobalSection
EndGlobal
